
Microsoft Visual Studio Solution File, Format Version 12.00
# Visual Studio Version 17
VisualStudioVersion = 17.2.32630.192
MinimumVisualStudioVersion = 10.0.40219.1
Project("{FAE04EC0-301F-11D3-BF4B-00C04F79EFBC}") = "InteractionFileSystem", "InteractionFileSystem\InteractionFileSystem.csproj", "{6F827F12-9CFB-4B0E-BA9C-6739E1E98F9B}"
EndProject
Global
	GlobalSection(SolutionConfigurationPlatforms) = preSolution
		Debug|Any CPU = Debug|Any CPU
		Release|Any CPU = Release|Any CPU
	EndGlobalSection
	GlobalSection(ProjectConfigurationPlatforms) = postSolution
		{6F827F12-9CFB-4B0E-BA9C-6739E1E98F9B}.Debug|Any CPU.ActiveCfg = Debug|Any CPU
		{6F827F12-9CFB-4B0E-BA9C-6739E1E98F9B}.Debug|Any CPU.Build.0 = Debug|Any CPU
		{6F827F12-9CFB-4B0E-BA9C-6739E1E98F9B}.Release|Any CPU.ActiveCfg = Release|Any CPU
		{6F827F12-9CFB-4B0E-BA9C-6739E1E98F9B}.Release|Any CPU.Build.0 = Release|Any CPU
	EndGlobalSection
	GlobalSection(SolutionProperties) = preSolution
		HideSolutionNode = FALSE
	EndGlobalSection
	GlobalSection(ExtensibilityGlobals) = postSolution
		SolutionGuid = {63407A1B-731D-45A3-987C-3BD329E2CC8F}
	EndGlobalSection
EndGlobal
